
Microsoft Visual Studio Solution File, Format Version 12.00
# Visual Studio 15
VisualStudioVersion = 15.0.27428.2002
MinimumVisualStudioVersion = 10.0.40219.1
Project("{F184B08F-C81C-45F6-A57F-5ABD9991F28F}") = "RosDumper", "RosDumper\RosDumper.vbproj", "{BA893BCE-CEC8-4632-94A0-8572A0CC429D}"
EndProject
Global
	GlobalSection(SolutionConfigurationPlatforms) = preSolution
		Debug|Any CPU = Debug|Any CPU
		Release|Any CPU = Release|Any CPU
	EndGlobalSection
	GlobalSection(ProjectConfigurationPlatforms) = postSolution
		{BA893BCE-CEC8-4632-94A0-8572A0CC429D}.Debug|Any CPU.ActiveCfg = Debug|Any CPU
		{BA893BCE-CEC8-4632-94A0-8572A0CC429D}.Debug|Any CPU.Build.0 = Debug|Any CPU
		{BA893BCE-CEC8-4632-94A0-8572A0CC429D}.Release|Any CPU.ActiveCfg = Release|Any CPU
		{BA893BCE-CEC8-4632-94A0-8572A0CC429D}.Release|Any CPU.Build.0 = Release|Any CPU
	EndGlobalSection
	GlobalSection(SolutionProperties) = preSolution
		HideSolutionNode = FALSE
	EndGlobalSection
	GlobalSection(ExtensibilityGlobals) = postSolution
		SolutionGuid = {593DC241-A7E6-4A98-9AA0-92625136454E}
	EndGlobalSection
EndGlobal
